
Microsoft Visual Studio Solution File, Format Version 12.00
# Visual Studio Version 16
VisualStudioVersion = 16.0.31424.327
MinimumVisualStudioVersion = 10.0.40219.1
Project("{FAE04EC0-301F-11D3-BF4B-00C04F79EFBC}") = "Algorithm", "Algorithm\Algorithm.csproj", "{C1BBDE45-3ECA-4D54-8909-ECE593B96FFD}"
EndProject
Global
	GlobalSection(SolutionConfigurationPlatforms) = preSolution
		Debug|Any CPU = Debug|Any CPU
		Release|Any CPU = Release|Any CPU
	EndGlobalSection
	GlobalSection(ProjectConfigurationPlatforms) = postSolution
		{C1BBDE45-3ECA-4D54-8909-ECE593B96FFD}.Debug|Any CPU.ActiveCfg = Debug|Any CPU
		{C1BBDE45-3ECA-4D54-8909-ECE593B96FFD}.Debug|Any CPU.Build.0 = Debug|Any CPU
		{C1BBDE45-3ECA-4D54-8909-ECE593B96FFD}.Release|Any CPU.ActiveCfg = Release|Any CPU
		{C1BBDE45-3ECA-4D54-8909-ECE593B96FFD}.Release|Any CPU.Build.0 = Release|Any CPU
	EndGlobalSection
	GlobalSection(SolutionProperties) = preSolution
		HideSolutionNode = FALSE
	EndGlobalSection
	GlobalSection(ExtensibilityGlobals) = postSolution
		SolutionGuid = {AACFA3AB-719C-4F99-A14B-2290008EEE40}
	EndGlobalSection
EndGlobal
